// !$*UTF8*$!
{
	archiveVersion = 1;
	classes = {
	};
	objectVersion = 55;
	objects = {

/* Begin PBXBuildFile section */
		B02B54332775050C00A1B667 /* SecondViewController.m in Sources */ = {isa = PBXBuildFile; fileRef = B02B54322775050C00A1B667 /* SecondViewController.m */; };
		B06E250C277296440068BAC8 /* AppDelegate.m in Sources */ = {isa = PBXBuildFile; fileRef = B06E250B277296440068BAC8 /* AppDelegate.m */; };
		B06E250F277296440068BAC8 /* SceneDelegate.m in Sources */ = {isa = PBXBuildFile; fileRef = B06E250E277296440068BAC8 /* SceneDelegate.m */; };
		B06E2512277296440068BAC8 /* ViewController.m in Sources */ = {isa = PBXBuildFile; fileRef = B06E2511277296440068BAC8 /* ViewController.m */; };
		B06E2515277296440068BAC8 /* Main.storyboard in Resources */ = {isa = PBXBuildFile; fileRef = B06E2513277296440068BAC8 /* Main.storyboard */; };
		B06E25172772964A0068BAC8 /* Assets.xcassets in Resources */ = {isa = PBXBuildFile; fileRef = B06E25162772964A0068BAC8 /* Assets.xcassets */; };
		B06E251A2772964A0068BAC8 /* LaunchScreen.storyboard in Resources */ = {isa = PBXBuildFile; fileRef = B06E25182772964A0068BAC8 /* LaunchScreen.storyboard */; };
		B06E251D2772964A0068BAC8 /* main.m in Sources */ = {isa = PBXBuildFile; fileRef = B06E251C2772964A0068BAC8 /* main.m */; };
/* End PBXBuildFile section */

/* Begin PBXFileReference section */
		B02B54312775050C00A1B667 /* SecondViewController.h */ = {isa = PBXFileReference; lastKnownFileType = sourcecode.c.h; path = SecondViewController.h; sourceTree = "<group>"; };
		B02B54322775050C00A1B667 /* SecondViewController.m */ = {isa = PBXFileReference; lastKnownFileType = sourcecode.c.objc; path = SecondViewController.m; sourceTree = "<group>"; };
		B06E2507277296440068BAC8 /* ObjcTableViewTestsjogj.app */ = {isa = PBXFileReference; explicitFileType = wrapper.application; includeInIndex = 0; path = ObjcTableViewTestsjogj.app; sourceTree = BUILT_PRODUCTS_DIR; };
		B06E250A277296440068BAC8 /* AppDelegate.h */ = {isa = PBXFileReference; lastKnownFileType = sourcecode.c.h; path = AppDelegate.h; sourceTree = "<group>"; };
		B06E250B277296440068BAC8 /* AppDelegate.m */ = {isa = PBXFileReference; lastKnownFileType = sourcecode.c.objc; path = AppDelegate.m; sourceTree = "<group>"; };
		B06E250D277296440068BAC8 /* SceneDelegate.h */ = {isa = PBXFileReference; lastKnownFileType = sourcecode.c.h; path = SceneDelegate.h; sourceTree = "<group>"; };
		B06E250E277296440068BAC8 /* SceneDelegate.m */ = {isa = PBXFileReference; lastKnownFileType = sourcecode.c.objc; path = SceneDelegate.m; sourceTree = "<group>"; };
		B06E2510277296440068BAC8 /* ViewController.h */ = {isa = PBXFileReference; lastKnownFileType = sourcecode.c.h; path = ViewController.h; sourceTree = "<group>"; };
		B06E2511277296440068BAC8 /* ViewController.m */ = {isa = PBXFileReference; lastKnownFileType = sourcecode.c.objc; path = ViewController.m; sourceTree = "<group>"; };
		B06E2514277296440068BAC8 /* Base */ = {isa = PBXFileReference; lastKnownFileType = file.storyboard; name = Base; path = Base.lproj/Main.storyboard; sourceTree = "<group>"; };
		B06E25162772964A0068BAC8 /* Assets.xcassets */ = {isa = PBXFileReference; lastKnownFileType = folder.assetcatalog; path = Assets.xcassets; sourceTree = "<group>"; };
		B06E25192772964A0068BAC8 /* Base */ = {isa = PBXFileReference; lastKnownFileType = file.storyboard; name = Base; path = Base.lproj/LaunchScreen.storyboard; sourceTree = "<group>"; };
		B06E251B2772964A0068BAC8 /* Info.plist */ = {isa = PBXFileReference; lastKnownFileType = text.plist.xml; path = Info.plist; sourceTree = "<group>"; };
		B06E251C2772964A0068BAC8 /* main.m */ = {isa = PBXFileReference; lastKnownFileType = sourcecode.c.objc; path = main.m; sourceTree = "<group>"; };
/* End PBXFileReference section */

/* Begin PBXFrameworksBuildPhase section */
		B06E2504277296440068BAC8 /* Frameworks */ = {
			isa = PBXFrameworksBuildPhase;
			buildActionMask = 2147483647;
			files = (
			);
			runOnlyForDeploymentPostprocessing = 0;
		};
/* End PBXFrameworksBuildPhase section */

/* Begin PBXGroup section */
		B06E24FE277296440068BAC8 = {
			isa = PBXGroup;
			children = (
				B06E2509277296440068BAC8 /* ObjcTableViewTestsjogj */,
				B06E2508277296440068BAC8 /* Products */,
			);
			sourceTree = "<group>";
		};
		B06E2508277296440068BAC8 /* Products */ = {
			isa = PBXGroup;
			children = (
				B06E2507277296440068BAC8 /* ObjcTableViewTestsjogj.app */,
			);
			name = Products;
			sourceTree = "<group>";
		};
		B06E2509277296440068BAC8 /* ObjcTableViewTestsjogj */ = {
			isa = PBXGroup;
			children = (
				B06E250A277296440068BAC8 /* AppDelegate.h */,
				B06E250B277296440068BAC8 /* AppDelegate.m */,
				B06E250D277296440068BAC8 /* SceneDelegate.h */,
				B06E250E277296440068BAC8 /* SceneDelegate.m */,
				B06E2510277296440068BAC8 /* ViewController.h */,
				B06E2511277296440068BAC8 /* ViewController.m */,
				B02B54312775050C00A1B667 /* SecondViewController.h */,
				B02B54322775050C00A1B667 /* SecondViewController.m */,
				B06E2513277296440068BAC8 /* Main.storyboard */,
				B06E25162772964A0068BAC8 /* Assets.xcassets */,
				B06E25182772964A0068BAC8 /* LaunchScreen.storyboard */,
				B06E251B2772964A0068BAC8 /* Info.plist */,
				B06E251C2772964A0068BAC8 /* main.m */,
			);
			path = ObjcTableViewTestsjogj;
			sourceTree = "<group>";
		};
/* End PBXGroup section */

/* Begin PBXNativeTarget section */
		B06E2506277296440068BAC8 /* ObjcTableViewTestsjogj */ = {
			isa = PBXNativeTarget;
			buildConfigurationList = B06E25202772964A0068BAC8 /* Build configuration list for PBXNativeTarget "ObjcTableViewTestsjogj" */;
			buildPhases = (
				B06E2503277296440068BAC8 /* Sources */,
				B06E2504277296440068BAC8 /* Frameworks */,
				B06E2505277296440068BAC8 /* Resources */,
			);
			buildRules = (
			);
			dependencies = (
			);
			name = ObjcTableViewTestsjogj;
			productName = ObjcTableViewTestsjogj;
			productReference = B06E2507277296440068BAC8 /* ObjcTableViewTestsjogj.app */;
			productType = "com.apple.product-type.application";
		};
/* End PBXNativeTarget section */

/* Begin PBXProject section */
		B06E24FF277296440068BAC8 /* Project object */ = {
			isa = PBXProject;
			attributes = {
				BuildIndependentTargetsInParallel = 1;
				LastUpgradeCheck = 1310;
				TargetAttributes = {
					B06E2506277296440068BAC8 = {
						CreatedOnToolsVersion = 13.1;
					};
				};
			};
			buildConfigurationList = B06E2502277296440068BAC8 /* Build configuration list for PBXProject "ObjcTableViewTestsjogj" */;
			compatibilityVersion = "Xcode 13.0";
			developmentRegion = en;
			hasScannedForEncodings = 0;
			knownRegions = (
				en,
				Base,
			);
			mainGroup = B06E24FE277296440068BAC8;
			productRefGroup = B06E2508277296440068BAC8 /* Products */;
			projectDirPath = "";
			projectRoot = "";
			targets = (
				B06E2506277296440068BAC8 /* ObjcTableViewTestsjogj */,
			);
		};
/* End PBXProject section */

/* Begin PBXResourcesBuildPhase section */
		B06E2505277296440068BAC8 /* Resources */ = {
			isa = PBXResourcesBuildPhase;
			buildActionMask = 2147483647;
			files = (
				B06E251A2772964A0068BAC8 /* LaunchScreen.storyboard in Resources */,
				B06E25172772964A0068BAC8 /* Assets.xcassets in Resources */,
				B06E2515277296440068BAC8 /* Main.storyboard in Resources */,
			);
			runOnlyForDeploymentPostprocessing = 0;
		};
/* End PBXResourcesBuildPhase section */

/* Begin PBXSourcesBuildPhase section */
		B06E2503277296440068BAC8 /* Sources */ = {
			isa = PBXSourcesBuildPhase;
			buildActionMask = 2147483647;
			files = (
				B02B54332775050C00A1B667 /* SecondViewController.m in Sources */,
				B06E2512277296440068BAC8 /* ViewController.m in Sources */,
				B06E250C277296440068BAC8 /* AppDelegate.m in Sources */,
				B06E251D2772964A0068BAC8 /* main.m in Sources */,
				B06E250F277296440068BAC8 /* SceneDelegate.m in Sources */,
			);
			runOnlyForDeploymentPostprocessing = 0;
		};
/* End PBXSourcesBuildPhase section */

/* Begin PBXVariantGroup section */
		B06E2513277296440068BAC8 /* Main.storyboard */ = {
			isa = PBXVariantGroup;
			children = (
				B06E2514277296440068BAC8 /* Base */,
			);
			name = Main.storyboard;
			sourceTree = "<group>";
		};
		B06E25182772964A0068BAC8 /* LaunchScreen.storyboard */ = {
			isa = PBXVariantGroup;
			children = (
				B06E25192772964A0068BAC8 /* Base */,
			);
			name = LaunchScreen.storyboard;
			sourceTree = "<group>";
		};
/* End PBXVariantGroup section */

/* Begin XCBuildConfiguration section */
		B06E251E2772964A0068BAC8 /* Debug */ = {
			isa = XCBuildConfiguration;
			buildSettings = {
				ALWAYS_SEARCH_USER_PATHS = NO;
				CLANG_ANALYZER_NONNULL = YES;
				CLANG_ANALYZER_NUMBER_OBJECT_CONVERSION = YES_AGGRESSIVE;
				CLANG_CXX_LANGUAGE_STANDARD = "gnu++17";
				CLANG_CXX_LIBRARY = "libc++";
				CLANG_ENABLE_MODULES = YES;
				CLANG_ENABLE_OBJC_ARC = YES;
				CLANG_ENABLE_OBJC_WEAK = YES;
				CLANG_WARN_BLOCK_CAPTURE_AUTORELEASING = YES;
				CLANG_WARN_BOOL_CONVERSION = YES;
				CLANG_WARN_COMMA = YES;
				CLANG_WARN_CONSTANT_CONVERSION = YES;
				CLANG_WARN_DEPRECATED_OBJC_IMPLEMENTATIONS = YES;
				CLANG_WARN_DIRECT_OBJC_ISA_USAGE = YES_ERROR;
				CLANG_WARN_DOCUMENTATION_COMMENTS = YES;
				CLANG_WARN_EMPTY_BODY = YES;
				CLANG_WARN_ENUM_CONVERSION = YES;
				CLANG_WARN_INFINITE_RECURSION = YES;
				CLANG_WARN_INT_CONVERSION = YES;
				CLANG_WARN_NON_LITERAL_NULL_CONVERSION = YES;
				CLANG_WARN_OBJC_IMPLICIT_RETAIN_SELF = YES;
				CLANG_WARN_OBJC_LITERAL_CONVERSION = YES;
				CLANG_WARN_OBJC_ROOT_CLASS = YES_ERROR;
				CLANG_WARN_QUOTED_INCLUDE_IN_FRAMEWORK_HEADER = YES;
				CLANG_WARN_RANGE_LOOP_ANALYSIS = YES;
				CLANG_WARN_STRICT_PROTOTYPES = YES;
				CLANG_WARN_SUSPICIOUS_MOVE = YES;
				CLANG_WARN_UNGUARDED_AVAILABILITY = YES_AGGRESSIVE;
				CLANG_WARN_UNREACHABLE_CODE = YES;
				CLANG_WARN__DUPLICATE_METHOD_MATCH = YES;
				COPY_PHASE_STRIP = NO;
				DEBUG_INFORMATION_FORMAT = dwarf;
				ENABLE_STRICT_OBJC_MSGSEND = YES;
				ENABLE_TESTABILITY = YES;
				GCC_C_LANGUAGE_STANDARD = gnu11;
				GCC_DYNAMIC_NO_PIC = NO;
				GCC_NO_COMMON_BLOCKS = YES;
				GCC_OPTIMIZATION_LEVEL = 0;
				GCC_PREPROCESSOR_DEFINITIONS = (
					"DEBUG=1",
					"$(inherited)",
				);
				GCC_WARN_64_TO_32_BIT_CONVERSION = YES;
				GCC_WARN_ABOUT_RETURN_TYPE = YES_ERROR;
				GCC_WARN_UNDECLARED_SELECTOR = YES;
				GCC_WARN_UNINITIALIZED_AUTOS = YES_AGGRESSIVE;
				GCC_WARN_UNUSED_FUNCTION = YES;
				GCC_WARN_UNUSED_VARIABLE = YES;
				IPHONEOS_DEPLOYMENT_TARGET = 15.0;
				MTL_ENABLE_DEBUG_INFO = INCLUDE_SOURCE;
				MTL_FAST_MATH = YES;
				ONLY_ACTIVE_ARCH = YES;
				SDKROOT = iphoneos;
			};
			name = Debug;
		};
		B06E251F2772964A0068BAC8 /* Release */ = {
			isa = XCBuildConfiguration;
			buildSettings = {
				ALWAYS_SEARCH_USER_PATHS = NO;
				CLANG_ANALYZER_NONNULL = YES;
				CLANG_ANALYZER_NUMBER_OBJECT_CONVERSION = YES_AGGRESSIVE;
				CLANG_CXX_LANGUAGE_STANDARD = "gnu++17";
				CLANG_CXX_LIBRARY = "libc++";
				CLANG_ENABLE_MODULES = YES;
				CLANG_ENABLE_OBJC_ARC = YES;
				CLANG_ENABLE_OBJC_WEAK = YES;
				CLANG_WARN_BLOCK_CAPTURE_AUTORELEASING = YES;
				CLANG_WARN_BOOL_CONVERSION = YES;
				CLANG_WARN_COMMA = YES;
				CLANG_WARN_CONSTANT_CONVERSION = YES;
				CLANG_WARN_DEPRECATED_OBJC_IMPLEMENTATIONS = YES;
				CLANG_WARN_DIRECT_OBJC_ISA_USAGE = YES_ERROR;
				CLANG_WARN_DOCUMENTATION_COMMENTS = YES;
				CLANG_WARN_EMPTY_BODY = YES;
				CLANG_WARN_ENUM_CONVERSION = YES;
				CLANG_WARN_INFINITE_RECURSION = YES;
				CLANG_WARN_INT_CONVERSION = YES;
				CLANG_WARN_NON_LITERAL_NULL_CONVERSION = YES;
				CLANG_WARN_OBJC_IMPLICIT_RETAIN_SELF = YES;
				CLANG_WARN_OBJC_LITERAL_CONVERSION = YES;
				CLANG_WARN_OBJC_ROOT_CLASS = YES_ERROR;
				CLANG_WARN_QUOTED_INCLUDE_IN_FRAMEWORK_HEADER = YES;
				CLANG_WARN_RANGE_LOOP_ANALYSIS = YES;
				CLANG_WARN_STRICT_PROTOTYPES = YES;
				CLANG_WARN_SUSPICIOUS_MOVE = YES;
				CLANG_WARN_UNGUARDED_AVAILABILITY = YES_AGGRESSIVE;
				CLANG_WARN_UNREACHABLE_CODE = YES;
				CLANG_WARN__DUPLICATE_METHOD_MATCH = YES;
				COPY_PHASE_STRIP = NO;
				DEBUG_INFORMATION_FORMAT = "dwarf-with-dsym";
				ENABLE_NS_ASSERTIONS = NO;
				ENABLE_STRICT_OBJC_MSGSEND = YES;
				GCC_C_LANGUAGE_STANDARD = gnu11;
				GCC_NO_COMMON_BLOCKS = YES;
				GCC_WARN_64_TO_32_BIT_CONVERSION = YES;
				GCC_WARN_ABOUT_RETURN_TYPE = YES_ERROR;
				GCC_WARN_UNDECLARED_SELECTOR = YES;
				GCC_WARN_UNINITIALIZED_AUTOS = YES_AGGRESSIVE;
				GCC_WARN_UNUSED_FUNCTION = YES;
				GCC_WARN_UNUSED_VARIABLE = YES;
				IPHONEOS_DEPLOYMENT_TARGET = 15.0;
				MTL_ENABLE_DEBUG_INFO = NO;
				MTL_FAST_MATH = YES;
				SDKROOT = iphoneos;
				VALIDATE_PRODUCT = YES;
			};
			name = Release;
		};
		B06E25212772964A0068BAC8 /* Debug */ = {
			isa = XCBuildConfiguration;
			buildSettings = {
				ASSETCATALOG_COMPILER_APPICON_NAME = AppIcon;
				ASSETCATALOG_COMPILER_GLOBAL_ACCENT_COLOR_NAME = AccentColor;
				CODE_SIGN_STYLE = Automatic;
				CURRENT_PROJECT_VERSION = 1;
				DEVELOPMENT_TEAM = RR5WP5NG77;
				GENERATE_INFOPLIST_FILE = YES;
				INFOPLIST_FILE = ObjcTableViewTestsjogj/Info.plist;
				INFOPLIST_KEY_UIApplicationSupportsIndirectInputEvents = YES;
				INFOPLIST_KEY_UILaunchStoryboardName = LaunchScreen;
				INFOPLIST_KEY_UIMainStoryboardFile = Main;
				INFOPLIST_KEY_UISupportedInterfaceOrientations_iPad = "UIInterfaceOrientationPortrait UIInterfaceOrientationPortraitUpsideDown UIInterfaceOrientationLandscapeLeft UIInterfaceOrientationLandscapeRight";
				INFOPLIST_KEY_UISupportedInterfaceOrientations_iPhone = "UIInterfaceOrientationPortrait UIInterfaceOrientationLandscapeLeft UIInterfaceOrientationLandscapeRight";
				LD_RUNPATH_SEARCH_PATHS = (
					"$(inherited)",
					"@executable_path/Frameworks",
				);
				MARKETING_VERSION = 1.0;
				PRODUCT_BUNDLE_IDENTIFIER = com.zachary7829.objc.ObjcTableViewTestsjogj;
				PRODUCT_NAME = "$(TARGET_NAME)";
				SWIFT_EMIT_LOC_STRINGS = YES;
				TARGETED_DEVICE_FAMILY = "1,2";
			};
			name = Debug;
		};
		B06E25222772964A0068BAC8 /* Release */ = {
			isa = XCBuildConfiguration;
			buildSettings = {
				ASSETCATALOG_COMPILER_APPICON_NAME = AppIcon;
				ASSETCATALOG_COMPILER_GLOBAL_ACCENT_COLOR_NAME = AccentColor;
				CODE_SIGN_STYLE = Automatic;
				CURRENT_PROJECT_VERSION = 1;
				DEVELOPMENT_TEAM = RR5WP5NG77;
				GENERATE_INFOPLIST_FILE = YES;
				INFOPLIST_FILE = ObjcTableViewTestsjogj/Info.plist;
				INFOPLIST_KEY_UIApplicationSupportsIndirectInputEvents = YES;
				INFOPLIST_KEY_UILaunchStoryboardName = LaunchScreen;
				INFOPLIST_KEY_UIMainStoryboardFile = Main;
				INFOPLIST_KEY_UISupportedInterfaceOrientations_iPad = "UIInterfaceOrientationPortrait UIInterfaceOrientationPortraitUpsideDown UIInterfaceOrientationLandscapeLeft UIInterfaceOrientationLandscapeRight";
				INFOPLIST_KEY_UISupportedInterfaceOrientations_iPhone = "UIInterfaceOrientationPortrait UIInterfaceOrientationLandscapeLeft UIInterfaceOrientationLandscapeRight";
				LD_RUNPATH_SEARCH_PATHS = (
					"$(inherited)",
					"@executable_path/Frameworks",
				);
				MARKETING_VERSION = 1.0;
				PRODUCT_BUNDLE_IDENTIFIER = com.zachary7829.objc.ObjcTableViewTestsjogj;
				PRODUCT_NAME = "$(TARGET_NAME)";
				SWIFT_EMIT_LOC_STRINGS = YES;
				TARGETED_DEVICE_FAMILY = "1,2";
			};
			name = Release;
		};
/* End XCBuildConfiguration section */

/* Begin XCConfigurationList section */
		B06E2502277296440068BAC8 /* Build configuration list for PBXProject "ObjcTableViewTestsjogj" */ = {
			isa = XCConfigurationList;
			buildConfigurations = (
				B06E251E2772964A0068BAC8 /* Debug */,
				B06E251F2772964A0068BAC8 /* Release */,
			);
			defaultConfigurationIsVisible = 0;
			defaultConfigurationName = Release;
		};
		B06E25202772964A0068BAC8 /* Build configuration list for PBXNativeTarget "ObjcTableViewTestsjogj" */ = {
			isa = XCConfigurationList;
			buildConfigurations = (
				B06E25212772964A0068BAC8 /* Debug */,
				B06E25222772964A0068BAC8 /* Release */,
			);
			defaultConfigurationIsVisible = 0;
			defaultConfigurationName = Release;
		};
/* End XCConfigurationList section */
	};
	rootObject = B06E24FF277296440068BAC8 /* Project object */;
}
